
Microsoft Visual Studio Solution File, Format Version 10.00
# Visual Studio 2008
Project("{FAE04EC0-301F-11D3-BF4B-00C04F79EFBC}") = "Traceability Logistics", "Traceability Logistics\Traceability Logistics.csproj", "{2BFB63EE-E011-459F-8084-CDC511105F27}"
EndProject
Project("{B900F1C2-3D47-4FEC-85B3-04AAF18C3634}") = "Rastreabilidade Logistica", "Rastreabilidade Logistica\Rastreabilidade Logistica.vddproj", "{DA9F8887-B312-43B8-B638-629568215A91}"
EndProject
Global
	GlobalSection(SolutionConfigurationPlatforms) = preSolution
		Debug|Any CPU = Debug|Any CPU
		Release|Any CPU = Release|Any CPU
	EndGlobalSection
	GlobalSection(ProjectConfigurationPlatforms) = postSolution
		{2BFB63EE-E011-459F-8084-CDC511105F27}.Debug|Any CPU.ActiveCfg = Debug|Any CPU
		{2BFB63EE-E011-459F-8084-CDC511105F27}.Debug|Any CPU.Build.0 = Debug|Any CPU
		{2BFB63EE-E011-459F-8084-CDC511105F27}.Debug|Any CPU.Deploy.0 = Debug|Any CPU
		{2BFB63EE-E011-459F-8084-CDC511105F27}.Release|Any CPU.ActiveCfg = Release|Any CPU
		{2BFB63EE-E011-459F-8084-CDC511105F27}.Release|Any CPU.Build.0 = Release|Any CPU
		{2BFB63EE-E011-459F-8084-CDC511105F27}.Release|Any CPU.Deploy.0 = Release|Any CPU
		{DA9F8887-B312-43B8-B638-629568215A91}.Debug|Any CPU.ActiveCfg = Debug
		{DA9F8887-B312-43B8-B638-629568215A91}.Release|Any CPU.ActiveCfg = Release
	EndGlobalSection
	GlobalSection(SolutionProperties) = preSolution
		HideSolutionNode = FALSE
	EndGlobalSection
EndGlobal
